
Microsoft Visual Studio Solution File, Format Version 12.00
# Visual Studio Version 17
VisualStudioVersion = 17.13.35825.156
MinimumVisualStudioVersion = 10.0.40219.1
Project("{FAE04EC0-301F-11D3-BF4B-00C04F79EFBC}") = "Aula05", "Aula05\Aula05.csproj", "{E6474D9B-0600-411E-B592-8259F144D20D}"
EndProject
Project("{FAE04EC0-301F-11D3-BF4B-00C04F79EFBC}") = "Model", "Model\Model.csproj", "{5D72098F-E296-4649-8A44-B170EAD99DCD}"
EndProject
Project("{FAE04EC0-301F-11D3-BF4B-00C04F79EFBC}") = "Repository", "Repository\Repository.csproj", "{B81027A6-FDCB-466D-ADE9-F4D50F28E9D8}"
EndProject
Global
	GlobalSection(SolutionConfigurationPlatforms) = preSolution
		Debug|Any CPU = Debug|Any CPU
		Release|Any CPU = Release|Any CPU
	EndGlobalSection
	GlobalSection(ProjectConfigurationPlatforms) = postSolution
		{E6474D9B-0600-411E-B592-8259F144D20D}.Debug|Any CPU.ActiveCfg = Debug|Any CPU
		{E6474D9B-0600-411E-B592-8259F144D20D}.Debug|Any CPU.Build.0 = Debug|Any CPU
		{E6474D9B-0600-411E-B592-8259F144D20D}.Release|Any CPU.ActiveCfg = Release|Any CPU
		{E6474D9B-0600-411E-B592-8259F144D20D}.Release|Any CPU.Build.0 = Release|Any CPU
		{5D72098F-E296-4649-8A44-B170EAD99DCD}.Debug|Any CPU.ActiveCfg = Debug|Any CPU
		{5D72098F-E296-4649-8A44-B170EAD99DCD}.Debug|Any CPU.Build.0 = Debug|Any CPU
		{5D72098F-E296-4649-8A44-B170EAD99DCD}.Release|Any CPU.ActiveCfg = Release|Any CPU
		{5D72098F-E296-4649-8A44-B170EAD99DCD}.Release|Any CPU.Build.0 = Release|Any CPU
		{B81027A6-FDCB-466D-ADE9-F4D50F28E9D8}.Debug|Any CPU.ActiveCfg = Debug|Any CPU
		{B81027A6-FDCB-466D-ADE9-F4D50F28E9D8}.Debug|Any CPU.Build.0 = Debug|Any CPU
		{B81027A6-FDCB-466D-ADE9-F4D50F28E9D8}.Release|Any CPU.ActiveCfg = Release|Any CPU
		{B81027A6-FDCB-466D-ADE9-F4D50F28E9D8}.Release|Any CPU.Build.0 = Release|Any CPU
	EndGlobalSection
	GlobalSection(SolutionProperties) = preSolution
		HideSolutionNode = FALSE
	EndGlobalSection
	GlobalSection(ExtensibilityGlobals) = postSolution
		SolutionGuid = {6CDF6233-C833-4867-9EC7-2706F425E4E3}
	EndGlobalSection
EndGlobal
