
Microsoft Visual Studio Solution File, Format Version 12.00
# Visual Studio Version 17
VisualStudioVersion = 17.13.35825.156 d17.13
MinimumVisualStudioVersion = 10.0.40219.1
Project("{FAE04EC0-301F-11D3-BF4B-00C04F79EFBC}") = "Aula02", "Aula02\Aula02.csproj", "{9B55B0F0-54C8-4DD3-8C33-849F2499D53D}"
EndProject
Global
	GlobalSection(SolutionConfigurationPlatforms) = preSolution
		Debug|Any CPU = Debug|Any CPU
		Release|Any CPU = Release|Any CPU
	EndGlobalSection
	GlobalSection(ProjectConfigurationPlatforms) = postSolution
		{9B55B0F0-54C8-4DD3-8C33-849F2499D53D}.Debug|Any CPU.ActiveCfg = Debug|Any CPU
		{9B55B0F0-54C8-4DD3-8C33-849F2499D53D}.Debug|Any CPU.Build.0 = Debug|Any CPU
		{9B55B0F0-54C8-4DD3-8C33-849F2499D53D}.Release|Any CPU.ActiveCfg = Release|Any CPU
		{9B55B0F0-54C8-4DD3-8C33-849F2499D53D}.Release|Any CPU.Build.0 = Release|Any CPU
	EndGlobalSection
	GlobalSection(SolutionProperties) = preSolution
		HideSolutionNode = FALSE
	EndGlobalSection
	GlobalSection(ExtensibilityGlobals) = postSolution
		SolutionGuid = {BDFC8AAA-F81F-40DC-A784-F8B058AB08FB}
	EndGlobalSection
EndGlobal
